lockfileVersion: 5.3

specifiers:
  '@tauri-apps/cli': ^1.0.0-rc.0

dependencies:
  '@tauri-apps/cli': 1.0.0-rc.8

packages:

  /@tauri-apps/cli-darwin-arm64/1.0.0-rc.8:
    resolution: {integrity: sha512-sbV4fkd3YBlX0gEBldEVmN/NbBdHzrn8wCRRiFaNBocDWC6Ji6DNvpp1Vy1xgY0RgtGOisGD+3+HelmKP4Mh/A==}
    engines: {node: '>= 10'}
    cpu: [arm64]
    os: [darwin]
    requiresBuild: true
    dev: false
    optional: true

  /@tauri-apps/cli-darwin-x64/1.0.0-rc.8:
    resolution: {integrity: sha512-VmuYbBZKKal/YxSTbzHTaM04C9zUlTXq7ePoXc1PRAa/Xafo16N37OGzhzBlsKHrvh6BtPp9ZWk5UhHIDiJBsw==}
    engines: {node: '>= 10'}
    cpu: [x64]
    os: [darwin]
    requiresBuild: true
    dev: false
    optional: true

  /@tauri-apps/cli-linux-arm-gnueabihf/1.0.0-rc.8:
    resolution: {integrity: sha512-2VKkS1c2pK56sgtGxtsm9nKKWefG7dgPnynTuCoEngkgQfNIlZ1ns/eAIZpBmwhvOMOw2OesKvK9ZQo0/lE/IA==}
    engines: {node: '>= 10'}
    cpu: [arm]
    os: [linux]
    requiresBuild: true
    dev: false
    optional: true

  /@tauri-apps/cli-linux-arm64-gnu/1.0.0-rc.8:
    resolution: {integrity: sha512-jykbrTJyx0uJhhL/3PPYGx5ETqEzacJ3YChnHzVClSzPkrdoGC61/xY9dMD9ZFJsLMJkV4VJj8sGRd1OPKCa/w==}
    engines: {node: '>= 10'}
    cpu: [arm64]
    os: [linux]
    requiresBuild: true
    dev: false
    optional: true

  /@tauri-apps/cli-linux-arm64-musl/1.0.0-rc.8:
    resolution: {integrity: sha512-HAIm8BKpLIWkvYgxoRzDIaqWIW3UtH2HO1qDd0aov5FTx/9dtCTtylpvd/6mWs5LGaEmsLoSokfJloI2sMZ/WQ==}
    engines: {node: '>= 10'}
    cpu: [arm64]
    os: [linux]
    requiresBuild: true
    dev: false
    optional: true

  /@tauri-apps/cli-linux-x64-gnu/1.0.0-rc.8:
    resolution: {integrity: sha512-fnPrkX6Uy9Qz2vqnT3D3sgbJzXTR4arNUIQl8HIYi2YCZZVmDWczz4x4++ilZWwk0I3a7d612/WzTeBzQjn3kg==}
    engines: {node: '>= 10'}
    cpu: [x64]
    os: [linux]
    requiresBuild: true
    dev: false
    optional: true

  /@tauri-apps/cli-linux-x64-musl/1.0.0-rc.8:
    resolution: {integrity: sha512-kHrpBsJFRAwqFL7xnsrKdNxnYjzI/J9/Dr7T3rl+IIPbi1sIojh6DydxFOYepnuoINA6zWYQJpo0FQeASJsXrw==}
    engines: {node: '>= 10'}
    cpu: [x64]
    os: [linux]
    requiresBuild: true
    dev: false
    optional: true

  /@tauri-apps/cli-win32-ia32-msvc/1.0.0-rc.8:
    resolution: {integrity: sha512-y8uT7AaIZVdLAWL4pxj/GXitwWn828er23yniOvTo1mJMCZsSFdwiOGiRSXI6OZsVCOPiJmvqq7eWaskQKYA0A==}
    engines: {node: '>= 10'}
    cpu: [ia32]
    os: [win32]
    requiresBuild: true
    dev: false
    optional: true

  /@tauri-apps/cli-win32-x64-msvc/1.0.0-rc.8:
    resolution: {integrity: sha512-PiDr/iAKoL9nQSiWHkUSjRVHbvCJaa7Xj3P9UnGkjJQ9LGTr7AYZdLk4zISegF+/fZnOmaqUdZW9yWPPyJAzPw==}
    engines: {node: '>= 10'}
    cpu: [x64]
    os: [win32]
    requiresBuild: true
    dev: false
    optional: true

  /@tauri-apps/cli/1.0.0-rc.8:
    resolution: {integrity: sha512-FWpNwbgGMPgDb41oO7wdBhBsBE6FMG9yHKbtbrkJ/8d/hWcT6e3UUTfFL9cR2VGdp1pdWlul5+BKH0PTf8rB9w==}
    engines: {node: '>= 10'}
    hasBin: true
    optionalDependencies:
      '@tauri-apps/cli-darwin-arm64': 1.0.0-rc.8
      '@tauri-apps/cli-darwin-x64': 1.0.0-rc.8
      '@tauri-apps/cli-linux-arm-gnueabihf': 1.0.0-rc.8
      '@tauri-apps/cli-linux-arm64-gnu': 1.0.0-rc.8
      '@tauri-apps/cli-linux-arm64-musl': 1.0.0-rc.8
      '@tauri-apps/cli-linux-x64-gnu': 1.0.0-rc.8
      '@tauri-apps/cli-linux-x64-musl': 1.0.0-rc.8
      '@tauri-apps/cli-win32-ia32-msvc': 1.0.0-rc.8
      '@tauri-apps/cli-win32-x64-msvc': 1.0.0-rc.8
    dev: false
