{
  "name": "emit-event",
  "version": "0.0.1",
  "lockfileVersion": 2,
  "requires": true,
  "packages": {
    "": {
      "name": "emit-event",
      "version": "0.0.1",
      "license": "MIT",
      "devDependencies": {
        "@tauri-apps/cli": "1.0.0"
      }
    },
    "node_modules/@tauri-apps/cli": {
      "version": "1.0.0",
      "resolved": "https://registry.npmjs.org/@tauri-apps/cli/-/cli-1.0.0.tgz",
      "integrity": "sha512-4eHnk3p0xnCXd9Zel3kLvdiiSURnN98GMFvWUAdirm5AjyOjcx8TIET/jqRYmYKE5yd+LMQqYMUfHRwA6JJUkg==",
      "dev": true,
      "bin": {
        "tauri": "tauri.js"
      },
      "engines": {
        "node": ">= 10"
      },
      "funding": {
        "type": "opencollective",
        "url": "https://opencollective.com/tauri"
      },
      "optionalDependencies": {
        "@tauri-apps/cli-darwin-arm64": "1.0.0",
        "@tauri-apps/cli-darwin-x64": "1.0.0",
        "@tauri-apps/cli-linux-arm-gnueabihf": "1.0.0",
        "@tauri-apps/cli-linux-arm64-gnu": "1.0.0",
        "@tauri-apps/cli-linux-arm64-musl": "1.0.0",
        "@tauri-apps/cli-linux-x64-gnu": "1.0.0",
        "@tauri-apps/cli-linux-x64-musl": "1.0.0",
        "@tauri-apps/cli-win32-ia32-msvc": "1.0.0",
        "@tauri-apps/cli-win32-x64-msvc": "1.0.0"
      }
    },
    "node_modules/@tauri-apps/cli-darwin-arm64": {
      "version": "1.0.0",
      "resolved": "https://registry.npmjs.org/@tauri-apps/cli-darwin-arm64/-/cli-darwin-arm64-1.0.0.tgz",
      "integrity": "sha512-0ryomgLjdpylXypMPVXLU3PZCde3Sw5nwN4coUhBcHPBLFRb8QPet+nweVK/HiZ3mxg8WeIazvpx2s8hS0l2GQ==",
      "cpu": [
        "arm64"
      ],
      "dev": true,
      "optional": true,
      "os": [
        "darwin"
      ],
      "engines": {
        "node": ">= 10"
      }
    },
    "node_modules/@tauri-apps/cli-darwin-x64": {
      "version": "1.0.0",
      "resolved": "https://registry.npmjs.org/@tauri-apps/cli-darwin-x64/-/cli-darwin-x64-1.0.0.tgz",
      "integrity": "sha512-oejvYUT4dEfzBi+FWMj+CMz4cZ6C2gEFHrUtKVLdTXr8Flj5UTwdB1YPGQjiOqk73LOI7cB/vXxb9DZT+Lrxgg==",
      "cpu": [
        "x64"
      ],
      "dev": true,
      "optional": true,
      "os": [
        "darwin"
      ],
      "engines": {
        "node": ">= 10"
      }
    },
    "node_modules/@tauri-apps/cli-linux-arm-gnueabihf": {
      "version": "1.0.0",
      "resolved": "https://registry.npmjs.org/@tauri-apps/cli-linux-arm-gnueabihf/-/cli-linux-arm-gnueabihf-1.0.0.tgz",
      "integrity": "sha512-yAu78v8TeXNx/ETS5F2G2Uw/HX+LQvZkX94zNiqFsAj7snfWI/IqSUM52OBrdh/D0EC9NCdjUJ7Vuo32uxf7tg==",
      "cpu": [
        "arm"
      ],
      "dev": true,
      "optional": true,
      "os": [
        "linux"
      ],
      "engines": {
        "node": ">= 10"
      }
    },
    "node_modules/@tauri-apps/cli-linux-arm64-gnu": {
      "version": "1.0.0",
      "resolved": "https://registry.npmjs.org/@tauri-apps/cli-linux-arm64-gnu/-/cli-linux-arm64-gnu-1.0.0.tgz",
      "integrity": "sha512-YFUN/S58AN317njAynzcQ+EHhRsCDXqmp5g9Oiqmcdg1vU7fPWZivVLc1WHz+0037C7JnsX5PtKpNYewP/+Oqw==",
      "cpu": [
        "arm64"
      ],
      "dev": true,
      "optional": true,
      "os": [
        "linux"
      ],
      "engines": {
        "node": ">= 10"
      }
    },
    "node_modules/@tauri-apps/cli-linux-arm64-musl": {
      "version": "1.0.0",
      "resolved": "https://registry.npmjs.org/@tauri-apps/cli-linux-arm64-musl/-/cli-linux-arm64-musl-1.0.0.tgz",
      "integrity": "sha512-al+TxMGoNVikEvRQfMyYE/mdjUcUNMo5brkCIAb+fL4rWQlAhAnYVzmg/rM8N4nhdXm1MOaYAagQmxr8898dNA==",
      "cpu": [
        "arm64"
      ],
      "dev": true,
      "optional": true,
      "os": [
        "linux"
      ],
      "engines": {
        "node": ">= 10"
      }
    },
    "node_modules/@tauri-apps/cli-linux-x64-gnu": {
      "version": "1.0.0",
      "resolved": "https://registry.npmjs.org/@tauri-apps/cli-linux-x64-gnu/-/cli-linux-x64-gnu-1.0.0.tgz",
      "integrity": "sha512-KQmYlYyGpn6/2kSl9QivWG6EIepm6PJd57e6IKmYwAyNhLr2XfGl1CLuocUQQgO+jprjT70HXp+MXD0tcB0+Sw==",
      "cpu": [
        "x64"
      ],
      "dev": true,
      "optional": true,
      "os": [
        "linux"
      ],
      "engines": {
        "node": ">= 10"
      }
    },
    "node_modules/@tauri-apps/cli-linux-x64-musl": {
      "version": "1.0.0",
      "resolved": "https://registry.npmjs.org/@tauri-apps/cli-linux-x64-musl/-/cli-linux-x64-musl-1.0.0.tgz",
      "integrity": "sha512-Qpaq5lZz569Aea6jfrRchgfEJaOrfLpCRBATcF8CJFFwVKmfCUcoV+MxbCIW30Zqw5Y06njC/ffa3261AV/ZIQ==",
      "cpu": [
        "x64"
      ],
      "dev": true,
      "optional": true,
      "os": [
        "linux"
      ],
      "engines": {
        "node": ">= 10"
      }
    },
    "node_modules/@tauri-apps/cli-win32-ia32-msvc": {
      "version": "1.0.0",
      "resolved": "https://registry.npmjs.org/@tauri-apps/cli-win32-ia32-msvc/-/cli-win32-ia32-msvc-1.0.0.tgz",
      "integrity": "sha512-e2DzFqEMI+s+gv14UupdI91gPxTbUJTbbfQlTHdQlOsTk4HEZTsh+ibAYBcCLAaMRW38NEsFlAUe1lQA0iRu/w==",
      "cpu": [
        "ia32"
      ],
      "dev": true,
      "optional": true,
      "os": [
        "win32"
      ],
      "engines": {
        "node": ">= 10"
      }
    },
    "node_modules/@tauri-apps/cli-win32-x64-msvc": {
      "version": "1.0.0",
      "resolved": "https://registry.npmjs.org/@tauri-apps/cli-win32-x64-msvc/-/cli-win32-x64-msvc-1.0.0.tgz",
      "integrity": "sha512-lWSs90pJeQX+L31IqIzmRhwLayEeyTh7mga0AxX8G868hvdLtcXCQA/rKoFtGdVLuHAx4+M+CBF5SMYb76xGYA==",
      "cpu": [
        "x64"
      ],
      "dev": true,
      "optional": true,
      "os": [
        "win32"
      ],
      "engines": {
        "node": ">= 10"
      }
    }
  },
  "dependencies": {
    "@tauri-apps/cli": {
      "version": "1.0.0",
      "resolved": "https://registry.npmjs.org/@tauri-apps/cli/-/cli-1.0.0.tgz",
      "integrity": "sha512-4eHnk3p0xnCXd9Zel3kLvdiiSURnN98GMFvWUAdirm5AjyOjcx8TIET/jqRYmYKE5yd+LMQqYMUfHRwA6JJUkg==",
      "dev": true,
      "requires": {
        "@tauri-apps/cli-darwin-arm64": "1.0.0",
        "@tauri-apps/cli-darwin-x64": "1.0.0",
        "@tauri-apps/cli-linux-arm-gnueabihf": "1.0.0",
        "@tauri-apps/cli-linux-arm64-gnu": "1.0.0",
        "@tauri-apps/cli-linux-arm64-musl": "1.0.0",
        "@tauri-apps/cli-linux-x64-gnu": "1.0.0",
        "@tauri-apps/cli-linux-x64-musl": "1.0.0",
        "@tauri-apps/cli-win32-ia32-msvc": "1.0.0",
        "@tauri-apps/cli-win32-x64-msvc": "1.0.0"
      }
    },
    "@tauri-apps/cli-darwin-arm64": {
      "version": "1.0.0",
      "resolved": "https://registry.npmjs.org/@tauri-apps/cli-darwin-arm64/-/cli-darwin-arm64-1.0.0.tgz",
      "integrity": "sha512-0ryomgLjdpylXypMPVXLU3PZCde3Sw5nwN4coUhBcHPBLFRb8QPet+nweVK/HiZ3mxg8WeIazvpx2s8hS0l2GQ==",
      "dev": true,
      "optional": true
    },
    "@tauri-apps/cli-darwin-x64": {
      "version": "1.0.0",
      "resolved": "https://registry.npmjs.org/@tauri-apps/cli-darwin-x64/-/cli-darwin-x64-1.0.0.tgz",
      "integrity": "sha512-oejvYUT4dEfzBi+FWMj+CMz4cZ6C2gEFHrUtKVLdTXr8Flj5UTwdB1YPGQjiOqk73LOI7cB/vXxb9DZT+Lrxgg==",
      "dev": true,
      "optional": true
    },
    "@tauri-apps/cli-linux-arm-gnueabihf": {
      "version": "1.0.0",
      "resolved": "https://registry.npmjs.org/@tauri-apps/cli-linux-arm-gnueabihf/-/cli-linux-arm-gnueabihf-1.0.0.tgz",
      "integrity": "sha512-yAu78v8TeXNx/ETS5F2G2Uw/HX+LQvZkX94zNiqFsAj7snfWI/IqSUM52OBrdh/D0EC9NCdjUJ7Vuo32uxf7tg==",
      "dev": true,
      "optional": true
    },
    "@tauri-apps/cli-linux-arm64-gnu": {
      "version": "1.0.0",
      "resolved": "https://registry.npmjs.org/@tauri-apps/cli-linux-arm64-gnu/-/cli-linux-arm64-gnu-1.0.0.tgz",
      "integrity": "sha512-YFUN/S58AN317njAynzcQ+EHhRsCDXqmp5g9Oiqmcdg1vU7fPWZivVLc1WHz+0037C7JnsX5PtKpNYewP/+Oqw==",
      "dev": true,
      "optional": true
    },
    "@tauri-apps/cli-linux-arm64-musl": {
      "version": "1.0.0",
      "resolved": "https://registry.npmjs.org/@tauri-apps/cli-linux-arm64-musl/-/cli-linux-arm64-musl-1.0.0.tgz",
      "integrity": "sha512-al+TxMGoNVikEvRQfMyYE/mdjUcUNMo5brkCIAb+fL4rWQlAhAnYVzmg/rM8N4nhdXm1MOaYAagQmxr8898dNA==",
      "dev": true,
      "optional": true
    },
    "@tauri-apps/cli-linux-x64-gnu": {
      "version": "1.0.0",
      "resolved": "https://registry.npmjs.org/@tauri-apps/cli-linux-x64-gnu/-/cli-linux-x64-gnu-1.0.0.tgz",
      "integrity": "sha512-KQmYlYyGpn6/2kSl9QivWG6EIepm6PJd57e6IKmYwAyNhLr2XfGl1CLuocUQQgO+jprjT70HXp+MXD0tcB0+Sw==",
      "dev": true,
      "optional": true
    },
    "@tauri-apps/cli-linux-x64-musl": {
      "version": "1.0.0",
      "resolved": "https://registry.npmjs.org/@tauri-apps/cli-linux-x64-musl/-/cli-linux-x64-musl-1.0.0.tgz",
      "integrity": "sha512-Qpaq5lZz569Aea6jfrRchgfEJaOrfLpCRBATcF8CJFFwVKmfCUcoV+MxbCIW30Zqw5Y06njC/ffa3261AV/ZIQ==",
      "dev": true,
      "optional": true
    },
    "@tauri-apps/cli-win32-ia32-msvc": {
      "version": "1.0.0",
      "resolved": "https://registry.npmjs.org/@tauri-apps/cli-win32-ia32-msvc/-/cli-win32-ia32-msvc-1.0.0.tgz",
      "integrity": "sha512-e2DzFqEMI+s+gv14UupdI91gPxTbUJTbbfQlTHdQlOsTk4HEZTsh+ibAYBcCLAaMRW38NEsFlAUe1lQA0iRu/w==",
      "dev": true,
      "optional": true
    },
    "@tauri-apps/cli-win32-x64-msvc": {
      "version": "1.0.0",
      "resolved": "https://registry.npmjs.org/@tauri-apps/cli-win32-x64-msvc/-/cli-win32-x64-msvc-1.0.0.tgz",
      "integrity": "sha512-lWSs90pJeQX+L31IqIzmRhwLayEeyTh7mga0AxX8G868hvdLtcXCQA/rKoFtGdVLuHAx4+M+CBF5SMYb76xGYA==",
      "dev": true,
      "optional": true
    }
  }
}
