{
  "lockfileVersion": 1,
  "workspaces": {
    "": {
      "name": "tauri-plugin-revenue-cat-api",
      "dependencies": {
        "@tauri-apps/api": ">=2.0.0-beta.6",
      },
      "devDependencies": {
        "@rollup/plugin-typescript": "^11.1.6",
        "rollup": "^4.9.6",
        "tslib": "^2.6.2",
        "typescript": "^5.3.3",
      },
    },
  },
  "packages": {
    "@rollup/plugin-typescript": ["@rollup/plugin-typescript@11.1.6", "", { "dependencies": { "@rollup/pluginutils": "^5.1.0", "resolve": "^1.22.1" }, "peerDependencies": { "rollup": "^2.14.0||^3.0.0||^4.0.0", "tslib": "*", "typescript": ">=3.7.0" }, "optionalPeers": ["rollup", "tslib"] }, "sha512-R92yOmIACgYdJ7dJ97p4K69I8gg6IEHt8M7dUBxN3W6nrO8uUxX5ixl0yU/N3aZTi8WhPuICvOHXQvF6FaykAA=="],

    "@rollup/pluginutils": ["@rollup/pluginutils@5.1.4", "", { "dependencies": { "@types/estree": "^1.0.0", "estree-walker": "^2.0.2", "picomatch": "^4.0.2" }, "peerDependencies": { "rollup": "^1.20.0||^2.0.0||^3.0.0||^4.0.0" }, "optionalPeers": ["rollup"] }, "sha512-USm05zrsFxYLPdWWq+K3STlWiT/3ELn3RcV5hJMghpeAIhxfsUIg6mt12CBJBInWMV4VneoV7SfGv8xIwo2qNQ=="],

    "@rollup/rollup-android-arm-eabi": ["@rollup/rollup-android-arm-eabi@4.34.8", "", { "os": "android", "cpu": "arm" }, "sha512-q217OSE8DTp8AFHuNHXo0Y86e1wtlfVrXiAlwkIvGRQv9zbc6mE3sjIVfwI8sYUyNxwOg0j/Vm1RKM04JcWLJw=="],

    "@rollup/rollup-android-arm64": ["@rollup/rollup-android-arm64@4.34.8", "", { "os": "android", "cpu": "arm64" }, "sha512-Gigjz7mNWaOL9wCggvoK3jEIUUbGul656opstjaUSGC3eT0BM7PofdAJaBfPFWWkXNVAXbaQtC99OCg4sJv70Q=="],

    "@rollup/rollup-darwin-arm64": ["@rollup/rollup-darwin-arm64@4.34.8", "", { "os": "darwin", "cpu": "arm64" }, "sha512-02rVdZ5tgdUNRxIUrFdcMBZQoaPMrxtwSb+/hOfBdqkatYHR3lZ2A2EGyHq2sGOd0Owk80oV3snlDASC24He3Q=="],

    "@rollup/rollup-darwin-x64": ["@rollup/rollup-darwin-x64@4.34.8", "", { "os": "darwin", "cpu": "x64" }, "sha512-qIP/elwR/tq/dYRx3lgwK31jkZvMiD6qUtOycLhTzCvrjbZ3LjQnEM9rNhSGpbLXVJYQ3rq39A6Re0h9tU2ynw=="],

    "@rollup/rollup-freebsd-arm64": ["@rollup/rollup-freebsd-arm64@4.34.8", "", { "os": "freebsd", "cpu": "arm64" }, "sha512-IQNVXL9iY6NniYbTaOKdrlVP3XIqazBgJOVkddzJlqnCpRi/yAeSOa8PLcECFSQochzqApIOE1GHNu3pCz+BDA=="],

    "@rollup/rollup-freebsd-x64": ["@rollup/rollup-freebsd-x64@4.34.8", "", { "os": "freebsd", "cpu": "x64" }, "sha512-TYXcHghgnCqYFiE3FT5QwXtOZqDj5GmaFNTNt3jNC+vh22dc/ukG2cG+pi75QO4kACohZzidsq7yKTKwq/Jq7Q=="],

    "@rollup/rollup-linux-arm-gnueabihf": ["@rollup/rollup-linux-arm-gnueabihf@4.34.8", "", { "os": "linux", "cpu": "arm" }, "sha512-A4iphFGNkWRd+5m3VIGuqHnG3MVnqKe7Al57u9mwgbyZ2/xF9Jio72MaY7xxh+Y87VAHmGQr73qoKL9HPbXj1g=="],

    "@rollup/rollup-linux-arm-musleabihf": ["@rollup/rollup-linux-arm-musleabihf@4.34.8", "", { "os": "linux", "cpu": "arm" }, "sha512-S0lqKLfTm5u+QTxlFiAnb2J/2dgQqRy/XvziPtDd1rKZFXHTyYLoVL58M/XFwDI01AQCDIevGLbQrMAtdyanpA=="],

    "@rollup/rollup-linux-arm64-gnu": ["@rollup/rollup-linux-arm64-gnu@4.34.8", "", { "os": "linux", "cpu": "arm64" }, "sha512-jpz9YOuPiSkL4G4pqKrus0pn9aYwpImGkosRKwNi+sJSkz+WU3anZe6hi73StLOQdfXYXC7hUfsQlTnjMd3s1A=="],

    "@rollup/rollup-linux-arm64-musl": ["@rollup/rollup-linux-arm64-musl@4.34.8", "", { "os": "linux", "cpu": "arm64" }, "sha512-KdSfaROOUJXgTVxJNAZ3KwkRc5nggDk+06P6lgi1HLv1hskgvxHUKZ4xtwHkVYJ1Rep4GNo+uEfycCRRxht7+Q=="],

    "@rollup/rollup-linux-loongarch64-gnu": ["@rollup/rollup-linux-loongarch64-gnu@4.34.8", "", { "os": "linux", "cpu": "none" }, "sha512-NyF4gcxwkMFRjgXBM6g2lkT58OWztZvw5KkV2K0qqSnUEqCVcqdh2jN4gQrTn/YUpAcNKyFHfoOZEer9nwo6uQ=="],

    "@rollup/rollup-linux-powerpc64le-gnu": ["@rollup/rollup-linux-powerpc64le-gnu@4.34.8", "", { "os": "linux", "cpu": "ppc64" }, "sha512-LMJc999GkhGvktHU85zNTDImZVUCJ1z/MbAJTnviiWmmjyckP5aQsHtcujMjpNdMZPT2rQEDBlJfubhs3jsMfw=="],

    "@rollup/rollup-linux-riscv64-gnu": ["@rollup/rollup-linux-riscv64-gnu@4.34.8", "", { "os": "linux", "cpu": "none" }, "sha512-xAQCAHPj8nJq1PI3z8CIZzXuXCstquz7cIOL73HHdXiRcKk8Ywwqtx2wrIy23EcTn4aZ2fLJNBB8d0tQENPCmw=="],

    "@rollup/rollup-linux-s390x-gnu": ["@rollup/rollup-linux-s390x-gnu@4.34.8", "", { "os": "linux", "cpu": "s390x" }, "sha512-DdePVk1NDEuc3fOe3dPPTb+rjMtuFw89gw6gVWxQFAuEqqSdDKnrwzZHrUYdac7A7dXl9Q2Vflxpme15gUWQFA=="],

    "@rollup/rollup-linux-x64-gnu": ["@rollup/rollup-linux-x64-gnu@4.34.8", "", { "os": "linux", "cpu": "x64" }, "sha512-8y7ED8gjxITUltTUEJLQdgpbPh1sUQ0kMTmufRF/Ns5tI9TNMNlhWtmPKKHCU0SilX+3MJkZ0zERYYGIVBYHIA=="],

    "@rollup/rollup-linux-x64-musl": ["@rollup/rollup-linux-x64-musl@4.34.8", "", { "os": "linux", "cpu": "x64" }, "sha512-SCXcP0ZpGFIe7Ge+McxY5zKxiEI5ra+GT3QRxL0pMMtxPfpyLAKleZODi1zdRHkz5/BhueUrYtYVgubqe9JBNQ=="],

    "@rollup/rollup-win32-arm64-msvc": ["@rollup/rollup-win32-arm64-msvc@4.34.8", "", { "os": "win32", "cpu": "arm64" }, "sha512-YHYsgzZgFJzTRbth4h7Or0m5O74Yda+hLin0irAIobkLQFRQd1qWmnoVfwmKm9TXIZVAD0nZ+GEb2ICicLyCnQ=="],

    "@rollup/rollup-win32-ia32-msvc": ["@rollup/rollup-win32-ia32-msvc@4.34.8", "", { "os": "win32", "cpu": "ia32" }, "sha512-r3NRQrXkHr4uWy5TOjTpTYojR9XmF0j/RYgKCef+Ag46FWUTltm5ziticv8LdNsDMehjJ543x/+TJAek/xBA2w=="],

    "@rollup/rollup-win32-x64-msvc": ["@rollup/rollup-win32-x64-msvc@4.34.8", "", { "os": "win32", "cpu": "x64" }, "sha512-U0FaE5O1BCpZSeE6gBl3c5ObhePQSfk9vDRToMmTkbhCOgW4jqvtS5LGyQ76L1fH8sM0keRp4uDTsbjiUyjk0g=="],

    "@tauri-apps/api": ["@tauri-apps/api@2.2.0", "", {}, "sha512-R8epOeZl1eJEl603aUMIGb4RXlhPjpgxbGVEaqY+0G5JG9vzV/clNlzTeqc+NLYXVqXcn8mb4c5b9pJIUDEyAg=="],

    "@types/estree": ["@types/estree@1.0.6", "", {}, "sha512-AYnb1nQyY49te+VRAVgmzfcgjYS91mY5P0TKUDCLEM+gNnA+3T6rWITXRLYCpahpqSQbN5cE+gHpnPyXjHWxcw=="],

    "estree-walker": ["estree-walker@2.0.2", "", {}, "sha512-Rfkk/Mp/DL7JVje3u18FxFujQlTNR2q6QfMSMB7AvCBx91NGj/ba3kCfza0f6dVDbw7YlRf/nDrn7pQrCCyQ/w=="],

    "fsevents": ["fsevents@2.3.3", "", { "os": "darwin" }, "sha512-5xoDfX+fL7faATnagmWPpbFtwh/R77WmMMqqHGS65C3vvB0YHrgF+B1YmZ3441tMj5n63k0212XNoJwzlhffQw=="],

    "function-bind": ["function-bind@1.1.2", "", {}, "sha512-7XHNxH7qX9xG5mIwxkhumTox/MIRNcOgDrxWsMt2pAr23WHp6MrRlN7FBSFpCpr+oVO0F744iUgR82nJMfG2SA=="],

    "hasown": ["hasown@2.0.2", "", { "dependencies": { "function-bind": "^1.1.2" } }, "sha512-0hJU9SCPvmMzIBdZFqNPXWa6dqh7WdH0cII9y+CyS8rG3nL48Bclra9HmKhVVUHyPWNH5Y7xDwAB7bfgSjkUMQ=="],

    "is-core-module": ["is-core-module@2.16.1", "", { "dependencies": { "hasown": "^2.0.2" } }, "sha512-UfoeMA6fIJ8wTYFEUjelnaGI67v6+N7qXJEvQuIGa99l4xsCruSYOVSQ0uPANn4dAzm8lkYPaKLrrijLq7x23w=="],

    "path-parse": ["path-parse@1.0.7", "", {}, "sha512-LDJzPVEEEPR+y48z93A0Ed0yXb8pAByGWo/k5YYdYgpY2/2EsOsksJrq7lOHxryrVOn1ejG6oAp8ahvOIQD8sw=="],

    "picomatch": ["picomatch@4.0.2", "", {}, "sha512-M7BAV6Rlcy5u+m6oPhAPFgJTzAioX/6B0DxyvDlo9l8+T3nLKbrczg2WLUyzd45L8RqfUMyGPzekbMvX2Ldkwg=="],

    "resolve": ["resolve@1.22.10", "", { "dependencies": { "is-core-module": "^2.16.0", "path-parse": "^1.0.7", "supports-preserve-symlinks-flag": "^1.0.0" }, "bin": { "resolve": "bin/resolve" } }, "sha512-NPRy+/ncIMeDlTAsuqwKIiferiawhefFJtkNSW0qZJEqMEb+qBt/77B/jGeeek+F0uOeN05CDa6HXbbIgtVX4w=="],

    "rollup": ["rollup@4.34.8", "", { "dependencies": { "@types/estree": "1.0.6" }, "optionalDependencies": { "@rollup/rollup-android-arm-eabi": "4.34.8", "@rollup/rollup-android-arm64": "4.34.8", "@rollup/rollup-darwin-arm64": "4.34.8", "@rollup/rollup-darwin-x64": "4.34.8", "@rollup/rollup-freebsd-arm64": "4.34.8", "@rollup/rollup-freebsd-x64": "4.34.8", "@rollup/rollup-linux-arm-gnueabihf": "4.34.8", "@rollup/rollup-linux-arm-musleabihf": "4.34.8", "@rollup/rollup-linux-arm64-gnu": "4.34.8", "@rollup/rollup-linux-arm64-musl": "4.34.8", "@rollup/rollup-linux-loongarch64-gnu": "4.34.8", "@rollup/rollup-linux-powerpc64le-gnu": "4.34.8", "@rollup/rollup-linux-riscv64-gnu": "4.34.8", "@rollup/rollup-linux-s390x-gnu": "4.34.8", "@rollup/rollup-linux-x64-gnu": "4.34.8", "@rollup/rollup-linux-x64-musl": "4.34.8", "@rollup/rollup-win32-arm64-msvc": "4.34.8", "@rollup/rollup-win32-ia32-msvc": "4.34.8", "@rollup/rollup-win32-x64-msvc": "4.34.8", "fsevents": "~2.3.2" }, "bin": { "rollup": "dist/bin/rollup" } }, "sha512-489gTVMzAYdiZHFVA/ig/iYFllCcWFHMvUHI1rpFmkoUtRlQxqh6/yiNqnYibjMZ2b/+FUQwldG+aLsEt6bglQ=="],

    "supports-preserve-symlinks-flag": ["supports-preserve-symlinks-flag@1.0.0", "", {}, "sha512-ot0WnXS9fgdkgIcePe6RHNk1WA8+muPa6cSjeR3V8K27q9BB1rTE3R1p7Hv0z1ZyAc8s6Vvv8DIyWf681MAt0w=="],

    "tslib": ["tslib@2.8.1", "", {}, "sha512-oJFu94HQb+KVduSUQL7wnpmqnfmLsOA/nAh6b6EH0wCEoK0/mPeXU6c3wKDV83MkOuHPRHtSXKKU99IBazS/2w=="],

    "typescript": ["typescript@5.7.3", "", { "bin": { "tsc": "bin/tsc", "tsserver": "bin/tsserver" } }, "sha512-84MVSjMEHP+FQRPy3pX9sTVV/INIex71s9TL2Gm5FG/WG1SqXeKyZ0k7/blY/4FdOzI12CBy1vGc4og/eus0fw=="],
  }
}
