{
  "name": "@tauri-apps/plugin-sharesheet",
  "version": "2.0.0-beta.7",
  "lockfileVersion": 3,
  "requires": true,
  "packages": {
    "": {
      "name": "@tauri-apps/plugin-sharesheet",
      "version": "2.0.0-beta.7",
      "license": "MIT or APACHE-2.0",
      "dependencies": {
        "@tauri-apps/api": "2.0.0-rc.0"
      }
    },
    "node_modules/@tauri-apps/api": {
      "version": "2.0.0-rc.0",
      "resolved": "https://registry.npmjs.org/@tauri-apps/api/-/api-2.0.0-rc.0.tgz",
      "integrity": "sha512-v454Qs3REHc3Za59U+/eSmBsdmF+3NE5+76+lFDaitVqN4ZglDHENDaMARYKGJVZuxiSkzyqG0SeG7lLQjVkPA==",
      "engines": {
        "node": ">= 18.18",
        "npm": ">= 6.6.0",
        "yarn": ">= 1.19.1"
      },
      "funding": {
        "type": "opencollective",
        "url": "https://opencollective.com/tauri"
      }
    }
  }
}
