{
  "name": "app",
  "version": "1.0.0",
  "lockfileVersion": 3,
  "requires": true,
  "packages": {
    "": {
      "name": "app",
      "version": "1.0.0",
      "license": "MIT",
      "devDependencies": {
        "@tauri-apps/cli": "2.0.0-beta.3"
      }
    },
    "node_modules/@tauri-apps/cli": {
      "version": "2.0.0-beta.3",
      "resolved": "https://registry.npmjs.org/@tauri-apps/cli/-/cli-2.0.0-beta.3.tgz",
      "integrity": "sha512-xLAL2DNNUJWqHBKvanc3V9bG9kkwtFwc40X/DrfgEKnkajEm79wqnkaT8LUnmbe0WZ8bzBRO1fLIgKlOH6GiCA==",
      "dev": true,
      "bin": {
        "tauri": "tauri.js"
      },
      "engines": {
        "node": ">= 10"
      },
      "funding": {
        "type": "opencollective",
        "url": "https://opencollective.com/tauri"
      },
      "optionalDependencies": {
        "@tauri-apps/cli-darwin-arm64": "2.0.0-beta.3",
        "@tauri-apps/cli-darwin-x64": "2.0.0-beta.3",
        "@tauri-apps/cli-linux-arm-gnueabihf": "2.0.0-beta.3",
        "@tauri-apps/cli-linux-arm64-gnu": "2.0.0-beta.3",
        "@tauri-apps/cli-linux-arm64-musl": "2.0.0-beta.3",
        "@tauri-apps/cli-linux-x64-gnu": "2.0.0-beta.3",
        "@tauri-apps/cli-linux-x64-musl": "2.0.0-beta.3",
        "@tauri-apps/cli-win32-arm64-msvc": "2.0.0-beta.3",
        "@tauri-apps/cli-win32-ia32-msvc": "2.0.0-beta.3",
        "@tauri-apps/cli-win32-x64-msvc": "2.0.0-beta.3"
      }
    },
    "node_modules/@tauri-apps/cli-darwin-arm64": {
      "version": "2.0.0-beta.3",
      "resolved": "https://registry.npmjs.org/@tauri-apps/cli-darwin-arm64/-/cli-darwin-arm64-2.0.0-beta.3.tgz",
      "integrity": "sha512-gHcn3jI/4MDXDIlK/4Zz0ftTosgN3OimWlKxEz777QrA1hldrQweYIhdZXkqE9KgoE+u6w80vWIcr0InHAf7Iw==",
      "cpu": [
        "arm64"
      ],
      "dev": true,
      "optional": true,
      "os": [
        "darwin"
      ],
      "engines": {
        "node": ">= 10"
      }
    },
    "node_modules/@tauri-apps/cli-darwin-x64": {
      "version": "2.0.0-beta.3",
      "resolved": "https://registry.npmjs.org/@tauri-apps/cli-darwin-x64/-/cli-darwin-x64-2.0.0-beta.3.tgz",
      "integrity": "sha512-kRCaukT2IAGMmNuAOUBhdZRlKujTy2lSsdNKmgGEMnzQLKJwWO9Gpq1NmPY7ZVqyXK/X8QnGHuasDEQsSO6B4w==",
      "cpu": [
        "x64"
      ],
      "dev": true,
      "optional": true,
      "os": [
        "darwin"
      ],
      "engines": {
        "node": ">= 10"
      }
    },
    "node_modules/@tauri-apps/cli-linux-arm-gnueabihf": {
      "version": "2.0.0-beta.3",
      "resolved": "https://registry.npmjs.org/@tauri-apps/cli-linux-arm-gnueabihf/-/cli-linux-arm-gnueabihf-2.0.0-beta.3.tgz",
      "integrity": "sha512-cpNZOQDotNSdjoZT16s1JtZvnkM0wgLwU39AhKhRCco4KEH3/8G1ngKF9JKalWUN8zDTcuCigEAr37gEv4mLAA==",
      "cpu": [
        "arm"
      ],
      "dev": true,
      "optional": true,
      "os": [
        "linux"
      ],
      "engines": {
        "node": ">= 10"
      }
    },
    "node_modules/@tauri-apps/cli-linux-arm64-gnu": {
      "version": "2.0.0-beta.3",
      "resolved": "https://registry.npmjs.org/@tauri-apps/cli-linux-arm64-gnu/-/cli-linux-arm64-gnu-2.0.0-beta.3.tgz",
      "integrity": "sha512-8q86V6P9bkeoFcnvSsnvOwmKY6ijIN4ueRVXCj5cVpsw392VF9vud1Nq7/l+QDgn9OWbZNNVDl30iyoSuaykBA==",
      "cpu": [
        "arm64"
      ],
      "dev": true,
      "optional": true,
      "os": [
        "linux"
      ],
      "engines": {
        "node": ">= 10"
      }
    },
    "node_modules/@tauri-apps/cli-linux-arm64-musl": {
      "version": "2.0.0-beta.3",
      "resolved": "https://registry.npmjs.org/@tauri-apps/cli-linux-arm64-musl/-/cli-linux-arm64-musl-2.0.0-beta.3.tgz",
      "integrity": "sha512-L7fokh4aqyV6yDPoeKwFN3Yt0pCAuZMWeP5tOeSBiom1pU7ppKH+4KHeTekNEIecZG+Ah250DkVCdmWS+aRFTA==",
      "cpu": [
        "arm64"
      ],
      "dev": true,
      "optional": true,
      "os": [
        "linux"
      ],
      "engines": {
        "node": ">= 10"
      }
    },
    "node_modules/@tauri-apps/cli-linux-x64-gnu": {
      "version": "2.0.0-beta.3",
      "resolved": "https://registry.npmjs.org/@tauri-apps/cli-linux-x64-gnu/-/cli-linux-x64-gnu-2.0.0-beta.3.tgz",
      "integrity": "sha512-/crp3K6PathqicVWPj8Kh1120NNVV7nagJ7oZW9OFch7nBS1tmDnSB5k5LgA4yYu+lDKNUREnATMWHL6i0gNeg==",
      "cpu": [
        "x64"
      ],
      "dev": true,
      "optional": true,
      "os": [
        "linux"
      ],
      "engines": {
        "node": ">= 10"
      }
    },
    "node_modules/@tauri-apps/cli-linux-x64-musl": {
      "version": "2.0.0-beta.3",
      "resolved": "https://registry.npmjs.org/@tauri-apps/cli-linux-x64-musl/-/cli-linux-x64-musl-2.0.0-beta.3.tgz",
      "integrity": "sha512-jX1ZT0UQwdBGbpCwlpv2bsLDO7KFMeDJQ/ZZVMfWyjuYrGBG5zhJ2NXwTMkHVnxfvE6BVmnybWcykeSqTATeOw==",
      "cpu": [
        "x64"
      ],
      "dev": true,
      "optional": true,
      "os": [
        "linux"
      ],
      "engines": {
        "node": ">= 10"
      }
    },
    "node_modules/@tauri-apps/cli-win32-arm64-msvc": {
      "version": "2.0.0-beta.3",
      "resolved": "https://registry.npmjs.org/@tauri-apps/cli-win32-arm64-msvc/-/cli-win32-arm64-msvc-2.0.0-beta.3.tgz",
      "integrity": "sha512-UCEZNKocENLX3HYKid4FEbrCMjCX9e58klBIvJKxT8HTjvpgFYDoKccswDNfszLhmineKMlkUvm7j7U0sMh8MQ==",
      "cpu": [
        "arm64"
      ],
      "dev": true,
      "optional": true,
      "os": [
        "win32"
      ],
      "engines": {
        "node": ">= 10"
      }
    },
    "node_modules/@tauri-apps/cli-win32-ia32-msvc": {
      "version": "2.0.0-beta.3",
      "resolved": "https://registry.npmjs.org/@tauri-apps/cli-win32-ia32-msvc/-/cli-win32-ia32-msvc-2.0.0-beta.3.tgz",
      "integrity": "sha512-O8syGXDHyKN/cv1ktD76dTcbkQ1nNEPhnT1Z+r0GKxNsw4/MyIVglzEcou3aPq0/1MQ0PEGVyG1x0JMaPw7oHQ==",
      "cpu": [
        "ia32"
      ],
      "dev": true,
      "optional": true,
      "os": [
        "win32"
      ],
      "engines": {
        "node": ">= 10"
      }
    },
    "node_modules/@tauri-apps/cli-win32-x64-msvc": {
      "version": "2.0.0-beta.3",
      "resolved": "https://registry.npmjs.org/@tauri-apps/cli-win32-x64-msvc/-/cli-win32-x64-msvc-2.0.0-beta.3.tgz",
      "integrity": "sha512-YDdF3XWaptjKtKz33sZhC+uNAZwp6QtAmZSRCQQlC1W7uJwLD00/3QF4vO/c6Qm+BGFsazVh1+YmBF1p0kV0rg==",
      "cpu": [
        "x64"
      ],
      "dev": true,
      "optional": true,
      "os": [
        "win32"
      ],
      "engines": {
        "node": ">= 10"
      }
    }
  }
}
