{
  "name": "app",
  "version": "1.0.0",
  "lockfileVersion": 3,
  "requires": true,
  "packages": {
    "": {
      "name": "app",
      "version": "1.0.0",
      "license": "MIT",
      "devDependencies": {
        "@tauri-apps/cli": "2.0.0-beta.15"
      }
    },
    "node_modules/@tauri-apps/cli": {
      "version": "2.0.0-beta.15",
      "resolved": "https://registry.npmjs.org/@tauri-apps/cli/-/cli-2.0.0-beta.15.tgz",
      "integrity": "sha512-3pCvc54QfsRY+i9B7w3Q5jPAGtf8p+g7N/BamWPeiW6YqDqbHi9rNVI3SzrHkRRNOJnzMW8E5a8G0HziOluZGg==",
      "dev": true,
      "bin": {
        "tauri": "tauri.js"
      },
      "engines": {
        "node": ">= 10"
      },
      "funding": {
        "type": "opencollective",
        "url": "https://opencollective.com/tauri"
      },
      "optionalDependencies": {
        "@tauri-apps/cli-darwin-arm64": "2.0.0-beta.15",
        "@tauri-apps/cli-darwin-x64": "2.0.0-beta.15",
        "@tauri-apps/cli-linux-arm-gnueabihf": "2.0.0-beta.15",
        "@tauri-apps/cli-linux-arm64-gnu": "2.0.0-beta.15",
        "@tauri-apps/cli-linux-arm64-musl": "2.0.0-beta.15",
        "@tauri-apps/cli-linux-x64-gnu": "2.0.0-beta.15",
        "@tauri-apps/cli-linux-x64-musl": "2.0.0-beta.15",
        "@tauri-apps/cli-win32-arm64-msvc": "2.0.0-beta.15",
        "@tauri-apps/cli-win32-ia32-msvc": "2.0.0-beta.15",
        "@tauri-apps/cli-win32-x64-msvc": "2.0.0-beta.15"
      }
    },
    "node_modules/@tauri-apps/cli-darwin-arm64": {
      "version": "2.0.0-beta.15",
      "resolved": "https://registry.npmjs.org/@tauri-apps/cli-darwin-arm64/-/cli-darwin-arm64-2.0.0-beta.15.tgz",
      "integrity": "sha512-M4owBLoRdJb2/IK48KOQDU3j5xrjqGxa539rDXMjvaKydBk8x+aLdk3xZNsk/owHTI1GnrQZsPCMQaOgetYHaw==",
      "cpu": [
        "arm64"
      ],
      "dev": true,
      "optional": true,
      "os": [
        "darwin"
      ],
      "engines": {
        "node": ">= 10"
      }
    },
    "node_modules/@tauri-apps/cli-darwin-x64": {
      "version": "2.0.0-beta.15",
      "resolved": "https://registry.npmjs.org/@tauri-apps/cli-darwin-x64/-/cli-darwin-x64-2.0.0-beta.15.tgz",
      "integrity": "sha512-ECpatfJdT4xKyFoE7tNEtTUIRxjQ2XSXa0TQkP3g7Kn7H/jRse+7pYe69jASA7shixajatAwmD4bXNT8jYRyNA==",
      "cpu": [
        "x64"
      ],
      "dev": true,
      "optional": true,
      "os": [
        "darwin"
      ],
      "engines": {
        "node": ">= 10"
      }
    },
    "node_modules/@tauri-apps/cli-linux-arm-gnueabihf": {
      "version": "2.0.0-beta.15",
      "resolved": "https://registry.npmjs.org/@tauri-apps/cli-linux-arm-gnueabihf/-/cli-linux-arm-gnueabihf-2.0.0-beta.15.tgz",
      "integrity": "sha512-GQz2nnPwIamzDbmmfGWvmmoLthOkOBs0RO5u72KYAa78ZRFTx7S6AovnxJv48Fq+zeGGdDKoD9+ZG2Ue+sCL4w==",
      "cpu": [
        "arm"
      ],
      "dev": true,
      "optional": true,
      "os": [
        "linux"
      ],
      "engines": {
        "node": ">= 10"
      }
    },
    "node_modules/@tauri-apps/cli-linux-arm64-gnu": {
      "version": "2.0.0-beta.15",
      "resolved": "https://registry.npmjs.org/@tauri-apps/cli-linux-arm64-gnu/-/cli-linux-arm64-gnu-2.0.0-beta.15.tgz",
      "integrity": "sha512-YBIfq0GbmIsWmRy6dVuDv3oMJN7a3R8HGVPMsa1W526AdCxoZDiPOQpSQN4VihJlbebUHxS/HyYF6maCY8uGzA==",
      "cpu": [
        "arm64"
      ],
      "dev": true,
      "optional": true,
      "os": [
        "linux"
      ],
      "engines": {
        "node": ">= 10"
      }
    },
    "node_modules/@tauri-apps/cli-linux-arm64-musl": {
      "version": "2.0.0-beta.15",
      "resolved": "https://registry.npmjs.org/@tauri-apps/cli-linux-arm64-musl/-/cli-linux-arm64-musl-2.0.0-beta.15.tgz",
      "integrity": "sha512-2ZBXoShz7UfqVGmc85mhwjI6ckdtrk15V69adxt/x+VS68yK6Ddbj+yqlffpeFNL90fZrsVhFoRIDqgkxtwksQ==",
      "cpu": [
        "arm64"
      ],
      "dev": true,
      "optional": true,
      "os": [
        "linux"
      ],
      "engines": {
        "node": ">= 10"
      }
    },
    "node_modules/@tauri-apps/cli-linux-x64-gnu": {
      "version": "2.0.0-beta.15",
      "resolved": "https://registry.npmjs.org/@tauri-apps/cli-linux-x64-gnu/-/cli-linux-x64-gnu-2.0.0-beta.15.tgz",
      "integrity": "sha512-cwJqIIdc4Kq9sBl/vYc+Y95iMe+mlTYUj7ZnSn4YAbLKFz432bGg6uBn2qHXFN5jzwXtEOVZiB1zDZ2kveVoAQ==",
      "cpu": [
        "x64"
      ],
      "dev": true,
      "optional": true,
      "os": [
        "linux"
      ],
      "engines": {
        "node": ">= 10"
      }
    },
    "node_modules/@tauri-apps/cli-linux-x64-musl": {
      "version": "2.0.0-beta.15",
      "resolved": "https://registry.npmjs.org/@tauri-apps/cli-linux-x64-musl/-/cli-linux-x64-musl-2.0.0-beta.15.tgz",
      "integrity": "sha512-nNuxZ8/qs0vQbdLO2hovskZGxwGn2z4x1QFJuL4xwd6Tryy9vVcznvyZS+t/72dCLoIkY9pKZQq5nYtAHYfTEg==",
      "cpu": [
        "x64"
      ],
      "dev": true,
      "optional": true,
      "os": [
        "linux"
      ],
      "engines": {
        "node": ">= 10"
      }
    },
    "node_modules/@tauri-apps/cli-win32-arm64-msvc": {
      "version": "2.0.0-beta.15",
      "resolved": "https://registry.npmjs.org/@tauri-apps/cli-win32-arm64-msvc/-/cli-win32-arm64-msvc-2.0.0-beta.15.tgz",
      "integrity": "sha512-DXiXMTE00INjBkTgq1CYduMWgUwQ0NvLw+uXfu8BUupA+aOlv9ODhsGu7bZSaxKx4/glwxNAGZum4kQ0E0AxUg==",
      "cpu": [
        "arm64"
      ],
      "dev": true,
      "optional": true,
      "os": [
        "win32"
      ],
      "engines": {
        "node": ">= 10"
      }
    },
    "node_modules/@tauri-apps/cli-win32-ia32-msvc": {
      "version": "2.0.0-beta.15",
      "resolved": "https://registry.npmjs.org/@tauri-apps/cli-win32-ia32-msvc/-/cli-win32-ia32-msvc-2.0.0-beta.15.tgz",
      "integrity": "sha512-ajEQdW2jx2raPp7eDYryJkbBrgI8PIY1dz5ro8FweRrRmbotaUlclsro1kfNMQrfDah8+qfwnRvW3MahOBE5Wg==",
      "cpu": [
        "ia32"
      ],
      "dev": true,
      "optional": true,
      "os": [
        "win32"
      ],
      "engines": {
        "node": ">= 10"
      }
    },
    "node_modules/@tauri-apps/cli-win32-x64-msvc": {
      "version": "2.0.0-beta.15",
      "resolved": "https://registry.npmjs.org/@tauri-apps/cli-win32-x64-msvc/-/cli-win32-x64-msvc-2.0.0-beta.15.tgz",
      "integrity": "sha512-yzsSgoiY0PmFiR5LvVOFr1b7h9l3aLPPQFlDG6+kRMrxCo7x7Pbyh4D5cqiMUuZO0QacwSP38EH6w0F88Y+4OA==",
      "cpu": [
        "x64"
      ],
      "dev": true,
      "optional": true,
      "os": [
        "win32"
      ],
      "engines": {
        "node": ">= 10"
      }
    }
  }
}
