{
  "name": "app",
  "version": "1.0.0",
  "lockfileVersion": 3,
  "requires": true,
  "packages": {
    "": {
      "name": "app",
      "version": "1.0.0",
      "license": "MIT",
      "devDependencies": {
        "@tauri-apps/cli": "2.0.0-beta.16"
      }
    },
    "node_modules/@tauri-apps/cli": {
      "version": "2.0.0-beta.16",
      "resolved": "https://registry.npmjs.org/@tauri-apps/cli/-/cli-2.0.0-beta.16.tgz",
      "integrity": "sha512-ELaPqTekAVfTU4lFf7k/Z422DKXk/uDWi7ppI8TuQOqcXjrxlXMvv/Y1eC2tem9vMeuOIU0Jg53pOhOu0w8JIQ==",
      "dev": true,
      "bin": {
        "tauri": "tauri.js"
      },
      "engines": {
        "node": ">= 10"
      },
      "funding": {
        "type": "opencollective",
        "url": "https://opencollective.com/tauri"
      },
      "optionalDependencies": {
        "@tauri-apps/cli-darwin-arm64": "2.0.0-beta.16",
        "@tauri-apps/cli-darwin-x64": "2.0.0-beta.16",
        "@tauri-apps/cli-linux-arm-gnueabihf": "2.0.0-beta.16",
        "@tauri-apps/cli-linux-arm64-gnu": "2.0.0-beta.16",
        "@tauri-apps/cli-linux-arm64-musl": "2.0.0-beta.16",
        "@tauri-apps/cli-linux-x64-gnu": "2.0.0-beta.16",
        "@tauri-apps/cli-linux-x64-musl": "2.0.0-beta.16",
        "@tauri-apps/cli-win32-arm64-msvc": "2.0.0-beta.16",
        "@tauri-apps/cli-win32-ia32-msvc": "2.0.0-beta.16",
        "@tauri-apps/cli-win32-x64-msvc": "2.0.0-beta.16"
      }
    },
    "node_modules/@tauri-apps/cli-darwin-arm64": {
      "version": "2.0.0-beta.16",
      "resolved": "https://registry.npmjs.org/@tauri-apps/cli-darwin-arm64/-/cli-darwin-arm64-2.0.0-beta.16.tgz",
      "integrity": "sha512-5Gif4AvpJmnyLj3HO3AEl1RVrr4ast6mDQiXoLwe75bfWq1pj9VwsS5SuSrUKtB8YBSnnclcJwkqwa6soY/xkg==",
      "cpu": [
        "arm64"
      ],
      "dev": true,
      "optional": true,
      "os": [
        "darwin"
      ],
      "engines": {
        "node": ">= 10"
      }
    },
    "node_modules/@tauri-apps/cli-darwin-x64": {
      "version": "2.0.0-beta.16",
      "resolved": "https://registry.npmjs.org/@tauri-apps/cli-darwin-x64/-/cli-darwin-x64-2.0.0-beta.16.tgz",
      "integrity": "sha512-6Cia8lGSroyoXKvfRI+Dv8Xinr27lptDzGZnd8mT9V0xPg73xcWxPKiTkuxPmLQTrQKVAurfsX3DwwgK8m9kSw==",
      "cpu": [
        "x64"
      ],
      "dev": true,
      "optional": true,
      "os": [
        "darwin"
      ],
      "engines": {
        "node": ">= 10"
      }
    },
    "node_modules/@tauri-apps/cli-linux-arm-gnueabihf": {
      "version": "2.0.0-beta.16",
      "resolved": "https://registry.npmjs.org/@tauri-apps/cli-linux-arm-gnueabihf/-/cli-linux-arm-gnueabihf-2.0.0-beta.16.tgz",
      "integrity": "sha512-1mQ0flIt0wrX4QLPwd8f1QFsuFjLPQtWuiObK63K0/YZmDS2yzKT6jnGqNCJsSiyXE2/36gKSyWh6OVpX8U7xg==",
      "cpu": [
        "arm"
      ],
      "dev": true,
      "optional": true,
      "os": [
        "linux"
      ],
      "engines": {
        "node": ">= 10"
      }
    },
    "node_modules/@tauri-apps/cli-linux-arm64-gnu": {
      "version": "2.0.0-beta.16",
      "resolved": "https://registry.npmjs.org/@tauri-apps/cli-linux-arm64-gnu/-/cli-linux-arm64-gnu-2.0.0-beta.16.tgz",
      "integrity": "sha512-CjgwOvaslvy06m36faZ40noQaBu37gcXtD0HlCgAMofDZz7fUWQJn3xE7r8fegXmY0oMKZ9ah8dgwd5KSk+L+Q==",
      "cpu": [
        "arm64"
      ],
      "dev": true,
      "optional": true,
      "os": [
        "linux"
      ],
      "engines": {
        "node": ">= 10"
      }
    },
    "node_modules/@tauri-apps/cli-linux-arm64-musl": {
      "version": "2.0.0-beta.16",
      "resolved": "https://registry.npmjs.org/@tauri-apps/cli-linux-arm64-musl/-/cli-linux-arm64-musl-2.0.0-beta.16.tgz",
      "integrity": "sha512-JMtryDJckutFzNpwFgh98o9Z4Vw1pwImYmJIDLpCPSqYIfd+mrBgPZFTaGl11ZsQnllqt4FNXlYR8T+ey7ZpfQ==",
      "cpu": [
        "arm64"
      ],
      "dev": true,
      "optional": true,
      "os": [
        "linux"
      ],
      "engines": {
        "node": ">= 10"
      }
    },
    "node_modules/@tauri-apps/cli-linux-x64-gnu": {
      "version": "2.0.0-beta.16",
      "resolved": "https://registry.npmjs.org/@tauri-apps/cli-linux-x64-gnu/-/cli-linux-x64-gnu-2.0.0-beta.16.tgz",
      "integrity": "sha512-3dQGCKsbjaIzk4UM7Jf5FzBJpBJ1OfwBOwkVv2M4O7EDLNZi9brDR+I41eqyFhTabEcHJoLhtURLbD25dJuiug==",
      "cpu": [
        "x64"
      ],
      "dev": true,
      "optional": true,
      "os": [
        "linux"
      ],
      "engines": {
        "node": ">= 10"
      }
    },
    "node_modules/@tauri-apps/cli-linux-x64-musl": {
      "version": "2.0.0-beta.16",
      "resolved": "https://registry.npmjs.org/@tauri-apps/cli-linux-x64-musl/-/cli-linux-x64-musl-2.0.0-beta.16.tgz",
      "integrity": "sha512-t+wdk/VCn8l9y1fhRQPfvZyz3Or7QEPTxXNobbUzbtckFsf/LqTxjaajOBmSGnZpoTDFvwVOmalDaylILxuM5g==",
      "cpu": [
        "x64"
      ],
      "dev": true,
      "optional": true,
      "os": [
        "linux"
      ],
      "engines": {
        "node": ">= 10"
      }
    },
    "node_modules/@tauri-apps/cli-win32-arm64-msvc": {
      "version": "2.0.0-beta.16",
      "resolved": "https://registry.npmjs.org/@tauri-apps/cli-win32-arm64-msvc/-/cli-win32-arm64-msvc-2.0.0-beta.16.tgz",
      "integrity": "sha512-ouP0iiRMTNaKyz6c06LucMR5P585r2XJ3/GlzNWtUfP4EaP8mZAENB0ro9VZl10++7Z658MdWxSAf4+Qmkj0jQ==",
      "cpu": [
        "arm64"
      ],
      "dev": true,
      "optional": true,
      "os": [
        "win32"
      ],
      "engines": {
        "node": ">= 10"
      }
    },
    "node_modules/@tauri-apps/cli-win32-ia32-msvc": {
      "version": "2.0.0-beta.16",
      "resolved": "https://registry.npmjs.org/@tauri-apps/cli-win32-ia32-msvc/-/cli-win32-ia32-msvc-2.0.0-beta.16.tgz",
      "integrity": "sha512-BiBkv3IesPNGXVaampxpB+ub0tz2sGu+6OLzxSm1QTp+2ZSw/qeXi/icvJl5azmOyee4ZWBBiuBzdVY88QH+Vw==",
      "cpu": [
        "ia32"
      ],
      "dev": true,
      "optional": true,
      "os": [
        "win32"
      ],
      "engines": {
        "node": ">= 10"
      }
    },
    "node_modules/@tauri-apps/cli-win32-x64-msvc": {
      "version": "2.0.0-beta.16",
      "resolved": "https://registry.npmjs.org/@tauri-apps/cli-win32-x64-msvc/-/cli-win32-x64-msvc-2.0.0-beta.16.tgz",
      "integrity": "sha512-rrJeC7eAT6diQpnI3aaflhvtKyTryywbhHLG/c1QyPhdxA7Or6nflo5KzWLd6q3GQqKRbvz5dDtxwFn+XLo+rQ==",
      "cpu": [
        "x64"
      ],
      "dev": true,
      "optional": true,
      "os": [
        "win32"
      ],
      "engines": {
        "node": ">= 10"
      }
    }
  }
}
