lockfileVersion: 5.4

specifiers:
  '@tauri-apps/cli': ^1.0.0

dependencies:
  '@tauri-apps/cli': 1.0.2

packages:

  /@tauri-apps/cli-darwin-arm64/1.0.2:
    resolution: {integrity: sha512-Ahd951yoYon1+WLNBg6xsx6Bb7+GJt7WwC1FllHZ2/iLCbrtWCS2qfeLS0L4ngBqCuWyL35JC/M2LIr9mcUzrg==}
    engines: {node: '>= 10'}
    cpu: [arm64]
    os: [darwin]
    requiresBuild: true
    dev: false
    optional: true

  /@tauri-apps/cli-darwin-x64/1.0.2:
    resolution: {integrity: sha512-8wo+SN1zWoXFQVa/iyEt3Cs0vNMjxDXqVe3Srm4UNpgKboFN5mIgbugwqvM+aJKnEZAH8h8n+ZJUHzc4wtPGHA==}
    engines: {node: '>= 10'}
    cpu: [x64]
    os: [darwin]
    requiresBuild: true
    dev: false
    optional: true

  /@tauri-apps/cli-linux-arm-gnueabihf/1.0.2:
    resolution: {integrity: sha512-PGQghMn0adt9PTnyi2K2o/CLG3tWbOyZvwQjam5cfQbK757WmMgPErC1VqsxiQc+PItWYvqoE9gjANiFc2MpAQ==}
    engines: {node: '>= 10'}
    cpu: [arm]
    os: [linux]
    requiresBuild: true
    dev: false
    optional: true

  /@tauri-apps/cli-linux-arm64-gnu/1.0.2:
    resolution: {integrity: sha512-Uc+XNlWelrnRh7DYrdxBi8Oam9JAQM1GzgEwjupF6Pv7BwlODN7s0HImGPQOKrEkqzpfmYw7KpfgWiiEjS5/3Q==}
    engines: {node: '>= 10'}
    cpu: [arm64]
    os: [linux]
    requiresBuild: true
    dev: false
    optional: true

  /@tauri-apps/cli-linux-arm64-musl/1.0.2:
    resolution: {integrity: sha512-lVwCG1QzQs2zWP32H4+Dw8NKgJ6hBox2X+bmawGfV9Ce+K4P84bnqfNgpdaSAncjeiTjrO+g7yT9gJFQCOrjlQ==}
    engines: {node: '>= 10'}
    cpu: [arm64]
    os: [linux]
    requiresBuild: true
    dev: false
    optional: true

  /@tauri-apps/cli-linux-x64-gnu/1.0.2:
    resolution: {integrity: sha512-G2XmGxvufW9sgGhA3rx+HehcifVTUo8zyISd8DpvGwtpp6Z4WakbivzKFyGiNnnok0nvj/WUrLgBxtUbfdSY+A==}
    engines: {node: '>= 10'}
    cpu: [x64]
    os: [linux]
    requiresBuild: true
    dev: false
    optional: true

  /@tauri-apps/cli-linux-x64-musl/1.0.2:
    resolution: {integrity: sha512-/eX536p+KXSmkFuINGeU6EQmYiQEXj6JXbmetmJmkXN0297HbtH3rS3wlyVDCnobRzh1hMeOJEnV+XA20GghMA==}
    engines: {node: '>= 10'}
    cpu: [x64]
    os: [linux]
    requiresBuild: true
    dev: false
    optional: true

  /@tauri-apps/cli-win32-ia32-msvc/1.0.2:
    resolution: {integrity: sha512-ZvnaKkCABqUbyUKlNk4RdxKyfOte30D5BxN1pj6iZNeKAwXEuTcgP6iPzOovdeaDirkIjcWCEZymwtZDXN4Rvg==}
    engines: {node: '>= 10'}
    cpu: [ia32]
    os: [win32]
    requiresBuild: true
    dev: false
    optional: true

  /@tauri-apps/cli-win32-x64-msvc/1.0.2:
    resolution: {integrity: sha512-uMcQyQQD7nyxps34HyYBYUYzFwH26lP58/qdT/GZWvBL1Sv2rqkQXuxHT7xtp4g7nTs0fGRWOtfcnvYIr/1wDw==}
    engines: {node: '>= 10'}
    cpu: [x64]
    os: [win32]
    requiresBuild: true
    dev: false
    optional: true

  /@tauri-apps/cli/1.0.2:
    resolution: {integrity: sha512-OJdQJVwtKnTAuv2a9JQlOd0gHbbGsXwT+N6M6YQiXZ3/5WdlXey1zhnD78GXwZsf8Cz0R7QIGTBECO4ur4fnKg==}
    engines: {node: '>= 10'}
    hasBin: true
    optionalDependencies:
      '@tauri-apps/cli-darwin-arm64': 1.0.2
      '@tauri-apps/cli-darwin-x64': 1.0.2
      '@tauri-apps/cli-linux-arm-gnueabihf': 1.0.2
      '@tauri-apps/cli-linux-arm64-gnu': 1.0.2
      '@tauri-apps/cli-linux-arm64-musl': 1.0.2
      '@tauri-apps/cli-linux-x64-gnu': 1.0.2
      '@tauri-apps/cli-linux-x64-musl': 1.0.2
      '@tauri-apps/cli-win32-ia32-msvc': 1.0.2
      '@tauri-apps/cli-win32-x64-msvc': 1.0.2
    dev: false
