lockfileVersion: 5.4

specifiers:
  '@tauri-apps/cli': ^1.0.0

devDependencies:
  '@tauri-apps/cli': 1.0.0

packages:

  /@tauri-apps/cli-darwin-arm64/1.0.0:
    resolution: {integrity: sha512-0ryomgLjdpylXypMPVXLU3PZCde3Sw5nwN4coUhBcHPBLFRb8QPet+nweVK/HiZ3mxg8WeIazvpx2s8hS0l2GQ==}
    engines: {node: '>= 10'}
    cpu: [arm64]
    os: [darwin]
    requiresBuild: true
    dev: true
    optional: true

  /@tauri-apps/cli-darwin-x64/1.0.0:
    resolution: {integrity: sha512-oejvYUT4dEfzBi+FWMj+CMz4cZ6C2gEFHrUtKVLdTXr8Flj5UTwdB1YPGQjiOqk73LOI7cB/vXxb9DZT+Lrxgg==}
    engines: {node: '>= 10'}
    cpu: [x64]
    os: [darwin]
    requiresBuild: true
    dev: true
    optional: true

  /@tauri-apps/cli-linux-arm-gnueabihf/1.0.0:
    resolution: {integrity: sha512-yAu78v8TeXNx/ETS5F2G2Uw/HX+LQvZkX94zNiqFsAj7snfWI/IqSUM52OBrdh/D0EC9NCdjUJ7Vuo32uxf7tg==}
    engines: {node: '>= 10'}
    cpu: [arm]
    os: [linux]
    requiresBuild: true
    dev: true
    optional: true

  /@tauri-apps/cli-linux-arm64-gnu/1.0.0:
    resolution: {integrity: sha512-YFUN/S58AN317njAynzcQ+EHhRsCDXqmp5g9Oiqmcdg1vU7fPWZivVLc1WHz+0037C7JnsX5PtKpNYewP/+Oqw==}
    engines: {node: '>= 10'}
    cpu: [arm64]
    os: [linux]
    requiresBuild: true
    dev: true
    optional: true

  /@tauri-apps/cli-linux-arm64-musl/1.0.0:
    resolution: {integrity: sha512-al+TxMGoNVikEvRQfMyYE/mdjUcUNMo5brkCIAb+fL4rWQlAhAnYVzmg/rM8N4nhdXm1MOaYAagQmxr8898dNA==}
    engines: {node: '>= 10'}
    cpu: [arm64]
    os: [linux]
    requiresBuild: true
    dev: true
    optional: true

  /@tauri-apps/cli-linux-x64-gnu/1.0.0:
    resolution: {integrity: sha512-KQmYlYyGpn6/2kSl9QivWG6EIepm6PJd57e6IKmYwAyNhLr2XfGl1CLuocUQQgO+jprjT70HXp+MXD0tcB0+Sw==}
    engines: {node: '>= 10'}
    cpu: [x64]
    os: [linux]
    requiresBuild: true
    dev: true
    optional: true

  /@tauri-apps/cli-linux-x64-musl/1.0.0:
    resolution: {integrity: sha512-Qpaq5lZz569Aea6jfrRchgfEJaOrfLpCRBATcF8CJFFwVKmfCUcoV+MxbCIW30Zqw5Y06njC/ffa3261AV/ZIQ==}
    engines: {node: '>= 10'}
    cpu: [x64]
    os: [linux]
    requiresBuild: true
    dev: true
    optional: true

  /@tauri-apps/cli-win32-ia32-msvc/1.0.0:
    resolution: {integrity: sha512-e2DzFqEMI+s+gv14UupdI91gPxTbUJTbbfQlTHdQlOsTk4HEZTsh+ibAYBcCLAaMRW38NEsFlAUe1lQA0iRu/w==}
    engines: {node: '>= 10'}
    cpu: [ia32]
    os: [win32]
    requiresBuild: true
    dev: true
    optional: true

  /@tauri-apps/cli-win32-x64-msvc/1.0.0:
    resolution: {integrity: sha512-lWSs90pJeQX+L31IqIzmRhwLayEeyTh7mga0AxX8G868hvdLtcXCQA/rKoFtGdVLuHAx4+M+CBF5SMYb76xGYA==}
    engines: {node: '>= 10'}
    cpu: [x64]
    os: [win32]
    requiresBuild: true
    dev: true
    optional: true

  /@tauri-apps/cli/1.0.0:
    resolution: {integrity: sha512-4eHnk3p0xnCXd9Zel3kLvdiiSURnN98GMFvWUAdirm5AjyOjcx8TIET/jqRYmYKE5yd+LMQqYMUfHRwA6JJUkg==}
    engines: {node: '>= 10'}
    hasBin: true
    optionalDependencies:
      '@tauri-apps/cli-darwin-arm64': 1.0.0
      '@tauri-apps/cli-darwin-x64': 1.0.0
      '@tauri-apps/cli-linux-arm-gnueabihf': 1.0.0
      '@tauri-apps/cli-linux-arm64-gnu': 1.0.0
      '@tauri-apps/cli-linux-arm64-musl': 1.0.0
      '@tauri-apps/cli-linux-x64-gnu': 1.0.0
      '@tauri-apps/cli-linux-x64-musl': 1.0.0
      '@tauri-apps/cli-win32-ia32-msvc': 1.0.0
      '@tauri-apps/cli-win32-x64-msvc': 1.0.0
    dev: true
